// !$*UTF8*$!
{
	archiveVersion = 1;
	classes = {
	};
	objectVersion = 48;
	objects = {

/* Begin PBXBuildFile section */
		242CEF72204FC1B700676108 /* AppDelegate.swift in Sources */ = {isa = PBXBuildFile; fileRef = 242CEF71204FC1B700676108 /* AppDelegate.swift */; };
		242CEF74204FC1B700676108 /* ViewController.swift in Sources */ = {isa = PBXBuildFile; fileRef = 242CEF73204FC1B700676108 /* ViewController.swift */; };
		242CEF77204FC1B700676108 /* Main.storyboard in Resources */ = {isa = PBXBuildFile; fileRef = 242CEF75204FC1B700676108 /* Main.storyboard */; };
		242CEF7A204FC1B700676108 /* My_First_App.xcdatamodeld in Sources */ = {isa = PBXBuildFile; fileRef = 242CEF78204FC1B700676108 /* My_First_App.xcdatamodeld */; };
		242CEF7C204FC1B700676108 /* Assets.xcassets in Resources */ = {isa = PBXBuildFile; fileRef = 242CEF7B204FC1B700676108 /* Assets.xcassets */; };
		242CEF7F204FC1B700676108 /* LaunchScreen.storyboard in Resources */ = {isa = PBXBuildFile; fileRef = 242CEF7D204FC1B700676108 /* LaunchScreen.storyboard */; };
		242CEF8A204FC1B800676108 /* My_First_AppTests.swift in Sources */ = {isa = PBXBuildFile; fileRef = 242CEF89204FC1B800676108 /* My_First_AppTests.swift */; };
		242CEF95204FC1B800676108 /* My_First_AppUITests.swift in Sources */ = {isa = PBXBuildFile; fileRef = 242CEF94204FC1B800676108 /* My_First_AppUITests.swift */; };
/* End PBXBuildFile section */

/* Begin PBXContainerItemProxy section */
		242CEF86204FC1B800676108 /* PBXContainerItemProxy */ = {
			isa = PBXContainerItemProxy;
			containerPortal = 242CEF66204FC1B700676108 /* Project object */;
			proxyType = 1;
			remoteGlobalIDString = 242CEF6D204FC1B700676108;
			remoteInfo = "My First App";
		};
		242CEF91204FC1B800676108 /* PBXContainerItemProxy */ = {
			isa = PBXContainerItemProxy;
			containerPortal = 242CEF66204FC1B700676108 /* Project object */;
			proxyType = 1;
			remoteGlobalIDString = 242CEF6D204FC1B700676108;
			remoteInfo = "My First App";
		};
/* End PBXContainerItemProxy section */

/* Begin PBXFileReference section */
		242CEF6E204FC1B700676108 /* My First App.app */ = {isa = PBXFileReference; explicitFileType = wrapper.application; includeInIndex = 0; path = "My First App.app"; sourceTree = BUILT_PRODUCTS_DIR; };
		242CEF71204FC1B700676108 /* AppDelegate.swift */ = {isa = PBXFileReference; lastKnownFileType = sourcecode.swift; path = AppDelegate.swift; sourceTree = "<group>"; };
		242CEF73204FC1B700676108 /* ViewController.swift */ = {isa = PBXFileReference; lastKnownFileType = sourcecode.swift; path = ViewController.swift; sourceTree = "<group>"; };
		242CEF76204FC1B700676108 /* Base */ = {isa = PBXFileReference; lastKnownFileType = file.storyboard; name = Base; path = Base.lproj/Main.storyboard; sourceTree = "<group>"; };
		242CEF79204FC1B700676108 /* My_First_App.xcdatamodel */ = {isa = PBXFileReference; lastKnownFileType = wrapper.xcdatamodel; path = My_First_App.xcdatamodel; sourceTree = "<group>"; };
		242CEF7B204FC1B700676108 /* Assets.xcassets */ = {isa = PBXFileReference; lastKnownFileType = folder.assetcatalog; path = Assets.xcassets; sourceTree = "<group>"; };
		242CEF7E204FC1B700676108 /* Base */ = {isa = PBXFileReference; lastKnownFileType = file.storyboard; name = Base; path = Base.lproj/LaunchScreen.storyboard; sourceTree = "<group>"; };
		242CEF80204FC1B700676108 /* Info.plist */ = {isa = PBXFileReference; lastKnownFileType = text.plist.xml; path = Info.plist; sourceTree = "<group>"; };
		242CEF85204FC1B800676108 /* My First AppTests.xctest */ = {isa = PBXFileReference; explicitFileType = wrapper.cfbundle; includeInIndex = 0; path = "My First AppTests.xctest"; sourceTree = BUILT_PRODUCTS_DIR; };
		242CEF89204FC1B800676108 /* My_First_AppTests.swift */ = {isa = PBXFileReference; lastKnownFileType = sourcecode.swift; path = My_First_AppTests.swift; sourceTree = "<group>"; };
		242CEF8B204FC1B800676108 /* Info.plist */ = {isa = PBXFileReference; lastKnownFileType = text.plist.xml; path = Info.plist; sourceTree = "<group>"; };
		242CEF90204FC1B800676108 /* My First AppUITests.xctest */ = {isa = PBXFileReference; explicitFileType = wrapper.cfbundle; includeInIndex = 0; path = "My First AppUITests.xctest"; sourceTree = BUILT_PRODUCTS_DIR; };
		242CEF94204FC1B800676108 /* My_First_AppUITests.swift */ = {isa = PBXFileReference; lastKnownFileType = sourcecode.swift; path = My_First_AppUITests.swift; sourceTree = "<group>"; };
		242CEF96204FC1B800676108 /* Info.plist */ = {isa = PBXFileReference; lastKnownFileType = text.plist.xml; path = Info.plist; sourceTree = "<group>"; };
/* End PBXFileReference section */

/* Begin PBXFrameworksBuildPhase section */
		242CEF6B204FC1B700676108 /* Frameworks */ = {
			isa = PBXFrameworksBuildPhase;
			buildActionMask = 2147483647;
			files = (
			);
			runOnlyForDeploymentPostprocessing = 0;
		};
		242CEF82204FC1B800676108 /* Frameworks */ = {
			isa = PBXFrameworksBuildPhase;
			buildActionMask = 2147483647;
			files = (
			);
			runOnlyForDeploymentPostprocessing = 0;
		};
		242CEF8D204FC1B800676108 /* Frameworks */ = {
			isa = PBXFrameworksBuildPhase;
			buildActionMask = 2147483647;
			files = (
			);
			runOnlyForDeploymentPostprocessing = 0;
		};
/* End PBXFrameworksBuildPhase section */

/* Begin PBXGroup section */
		242CEF65204FC1B700676108 = {
			isa = PBXGroup;
			children = (
				242CEF70204FC1B700676108 /* My First App */,
				242CEF88204FC1B800676108 /* My First AppTests */,
				242CEF93204FC1B800676108 /* My First AppUITests */,
				242CEF6F204FC1B700676108 /* Products */,
			);
			sourceTree = "<group>";
		};
		242CEF6F204FC1B700676108 /* Products */ = {
			isa = PBXGroup;
			children = (
				242CEF6E204FC1B700676108 /* My First App.app */,
				242CEF85204FC1B800676108 /* My First AppTests.xctest */,
				242CEF90204FC1B800676108 /* My First AppUITests.xctest */,
			);
			name = Products;
			sourceTree = "<group>";
		};
		242CEF70204FC1B700676108 /* My First App */ = {
			isa = PBXGroup;
			children = (
				242CEF71204FC1B700676108 /* AppDelegate.swift */,
				242CEF73204FC1B700676108 /* ViewController.swift */,
				242CEF75204FC1B700676108 /* Main.storyboard */,
				242CEF7B204FC1B700676108 /* Assets.xcassets */,
				242CEF7D204FC1B700676108 /* LaunchScreen.storyboard */,
				242CEF80204FC1B700676108 /* Info.plist */,
				242CEF78204FC1B700676108 /* My_First_App.xcdatamodeld */,
			);
			path = "My First App";
			sourceTree = "<group>";
		};
		242CEF88204FC1B800676108 /* My First AppTests */ = {
			isa = PBXGroup;
			children = (
				242CEF89204FC1B800676108 /* My_First_AppTests.swift */,
				242CEF8B204FC1B800676108 /* Info.plist */,
			);
			path = "My First AppTests";
			sourceTree = "<group>";
		};
		242CEF93204FC1B800676108 /* My First AppUITests */ = {
			isa = PBXGroup;
			children = (
				242CEF94204FC1B800676108 /* My_First_AppUITests.swift */,
				242CEF96204FC1B800676108 /* Info.plist */,
			);
			path = "My First AppUITests";
			sourceTree = "<group>";
		};
/* End PBXGroup section */

/* Begin PBXNativeTarget section */
		242CEF6D204FC1B700676108 /* My First App */ = {
			isa = PBXNativeTarget;
			buildConfigurationList = 242CEF99204FC1B800676108 /* Build configuration list for PBXNativeTarget "My First App" */;
			buildPhases = (
				242CEF6A204FC1B700676108 /* Sources */,
				242CEF6B204FC1B700676108 /* Frameworks */,
				242CEF6C204FC1B700676108 /* Resources */,
			);
			buildRules = (
			);
			dependencies = (
			);
			name = "My First App";
			productName = "My First App";
			productReference = 242CEF6E204FC1B700676108 /* My First App.app */;
			productType = "com.apple.product-type.application";
		};
		242CEF84204FC1B800676108 /* My First AppTests */ = {
			isa = PBXNativeTarget;
			buildConfigurationList = 242CEF9C204FC1B800676108 /* Build configuration list for PBXNativeTarget "My First AppTests" */;
			buildPhases = (
				242CEF81204FC1B800676108 /* Sources */,
				242CEF82204FC1B800676108 /* Frameworks */,
				242CEF83204FC1B800676108 /* Resources */,
			);
			buildRules = (
			);
			dependencies = (
				242CEF87204FC1B800676108 /* PBXTargetDependency */,
			);
			name = "My First AppTests";
			productName = "My First AppTests";
			productReference = 242CEF85204FC1B800676108 /* My First AppTests.xctest */;
			productType = "com.apple.product-type.bundle.unit-test";
		};
		242CEF8F204FC1B800676108 /* My First AppUITests */ = {
			isa = PBXNativeTarget;
			buildConfigurationList = 242CEF9F204FC1B800676108 /* Build configuration list for PBXNativeTarget "My First AppUITests" */;
			buildPhases = (
				242CEF8C204FC1B800676108 /* Sources */,
				242CEF8D204FC1B800676108 /* Frameworks */,
				242CEF8E204FC1B800676108 /* Resources */,
			);
			buildRules = (
			);
			dependencies = (
				242CEF92204FC1B800676108 /* PBXTargetDependency */,
			);
			name = "My First AppUITests";
			productName = "My First AppUITests";
			productReference = 242CEF90204FC1B800676108 /* My First AppUITests.xctest */;
			productType = "com.apple.product-type.bundle.ui-testing";
		};
/* End PBXNativeTarget section */

/* Begin PBXProject section */
		242CEF66204FC1B700676108 /* Project object */ = {
			isa = PBXProject;
			attributes = {
				LastSwiftUpdateCheck = 0920;
				LastUpgradeCheck = 0920;
				ORGANIZATIONNAME = "Personal Team";
				TargetAttributes = {
					242CEF6D204FC1B700676108 = {
						CreatedOnToolsVersion = 9.2;
						ProvisioningStyle = Automatic;
					};
					242CEF84204FC1B800676108 = {
						CreatedOnToolsVersion = 9.2;
						ProvisioningStyle = Automatic;
						TestTargetID = 242CEF6D204FC1B700676108;
					};
					242CEF8F204FC1B800676108 = {
						CreatedOnToolsVersion = 9.2;
						ProvisioningStyle = Automatic;
						TestTargetID = 242CEF6D204FC1B700676108;
					};
				};
			};
			buildConfigurationList = 242CEF69204FC1B700676108 /* Build configuration list for PBXProject "My First App" */;
			compatibilityVersion = "Xcode 8.0";
			developmentRegion = en;
			hasScannedForEncodings = 0;
			knownRegions = (
				en,
				Base,
			);
			mainGroup = 242CEF65204FC1B700676108;
			productRefGroup = 242CEF6F204FC1B700676108 /* Products */;
			projectDirPath = "";
			projectRoot = "";
			targets = (
				242CEF6D204FC1B700676108 /* My First App */,
				242CEF84204FC1B800676108 /* My First AppTests */,
				242CEF8F204FC1B800676108 /* My First AppUITests */,
			);
		};
/* End PBXProject section */

/* Begin PBXResourcesBuildPhase section */
		242CEF6C204FC1B700676108 /* Resources */ = {
			isa = PBXResourcesBuildPhase;
			buildActionMask = 2147483647;
			files = (
				242CEF7F204FC1B700676108 /* LaunchScreen.storyboard in Resources */,
				242CEF7C204FC1B700676108 /* Assets.xcassets in Resources */,
				242CEF77204FC1B700676108 /* Main.storyboard in Resources */,
			);
			runOnlyForDeploymentPostprocessing = 0;
		};
		242CEF83204FC1B800676108 /* Resources */ = {
			isa = PBXResourcesBuildPhase;
			buildActionMask = 2147483647;
			files = (
			);
			runOnlyForDeploymentPostprocessing = 0;
		};
		242CEF8E204FC1B800676108 /* Resources */ = {
			isa = PBXResourcesBuildPhase;
			buildActionMask = 2147483647;
			files = (
			);
			runOnlyForDeploymentPostprocessing = 0;
		};
/* End PBXResourcesBuildPhase section */

/* Begin PBXSourcesBuildPhase section */
		242CEF6A204FC1B700676108 /* Sources */ = {
			isa = PBXSourcesBuildPhase;
			buildActionMask = 2147483647;
			files = (
				242CEF7A204FC1B700676108 /* My_First_App.xcdatamodeld in Sources */,
				242CEF74204FC1B700676108 /* ViewController.swift in Sources */,
				242CEF72204FC1B700676108 /* AppDelegate.swift in Sources */,
			);
			runOnlyForDeploymentPostprocessing = 0;
		};
		242CEF81204FC1B800676108 /* Sources */ = {
			isa = PBXSourcesBuildPhase;
			buildActionMask = 2147483647;
			files = (
				242CEF8A204FC1B800676108 /* My_First_AppTests.swift in Sources */,
			);
			runOnlyForDeploymentPostprocessing = 0;
		};
		242CEF8C204FC1B800676108 /* Sources */ = {
			isa = PBXSourcesBuildPhase;
			buildActionMask = 2147483647;
			files = (
				242CEF95204FC1B800676108 /* My_First_AppUITests.swift in Sources */,
			);
			runOnlyForDeploymentPostprocessing = 0;
		};
/* End PBXSourcesBuildPhase section */

/* Begin PBXTargetDependency section */
		242CEF87204FC1B800676108 /* PBXTargetDependency */ = {
			isa = PBXTargetDependency;
			target = 242CEF6D204FC1B700676108 /* My First App */;
			targetProxy = 242CEF86204FC1B800676108 /* PBXContainerItemProxy */;
		};
		242CEF92204FC1B800676108 /* PBXTargetDependency */ = {
			isa = PBXTargetDependency;
			target = 242CEF6D204FC1B700676108 /* My First App */;
			targetProxy = 242CEF91204FC1B800676108 /* PBXContainerItemProxy */;
		};
/* End PBXTargetDependency section */

/* Begin PBXVariantGroup section */
		242CEF75204FC1B700676108 /* Main.storyboard */ = {
			isa = PBXVariantGroup;
			children = (
				242CEF76204FC1B700676108 /* Base */,
			);
			name = Main.storyboard;
			sourceTree = "<group>";
		};
		242CEF7D204FC1B700676108 /* LaunchScreen.storyboard */ = {
			isa = PBXVariantGroup;
			children = (
				242CEF7E204FC1B700676108 /* Base */,
			);
			name = LaunchScreen.storyboard;
			sourceTree = "<group>";
		};
/* End PBXVariantGroup section */

/* Begin XCBuildConfiguration section */
		242CEF97204FC1B800676108 /* Debug */ = {
			isa = XCBuildConfiguration;
			buildSettings = {
				ALWAYS_SEARCH_USER_PATHS = NO;
				CLANG_ANALYZER_NONNULL = YES;
				CLANG_ANALYZER_NUMBER_OBJECT_CONVERSION = YES_AGGRESSIVE;
				CLANG_CXX_LANGUAGE_STANDARD = "gnu++14";
				CLANG_CXX_LIBRARY = "libc++";
				CLANG_ENABLE_MODULES = YES;
				CLANG_ENABLE_OBJC_ARC = YES;
				CLANG_WARN_BLOCK_CAPTURE_AUTORELEASING = YES;
				CLANG_WARN_BOOL_CONVERSION = YES;
				CLANG_WARN_COMMA = YES;
				CLANG_WARN_CONSTANT_CONVERSION = YES;
				CLANG_WARN_DIRECT_OBJC_ISA_USAGE = YES_ERROR;
				CLANG_WARN_DOCUMENTATION_COMMENTS = YES;
				CLANG_WARN_EMPTY_BODY = YES;
				CLANG_WARN_ENUM_CONVERSION = YES;
				CLANG_WARN_INFINITE_RECURSION = YES;
				CLANG_WARN_INT_CONVERSION = YES;
				CLANG_WARN_NON_LITERAL_NULL_CONVERSION = YES;
				CLANG_WARN_OBJC_LITERAL_CONVERSION = YES;
				CLANG_WARN_OBJC_ROOT_CLASS = YES_ERROR;
				CLANG_WARN_RANGE_LOOP_ANALYSIS = YES;
				CLANG_WARN_STRICT_PROTOTYPES = YES;
				CLANG_WARN_SUSPICIOUS_MOVE = YES;
				CLANG_WARN_UNGUARDED_AVAILABILITY = YES_AGGRESSIVE;
				CLANG_WARN_UNREACHABLE_CODE = YES;
				CLANG_WARN__DUPLICATE_METHOD_MATCH = YES;
				CODE_SIGN_IDENTITY = "iPhone Developer";
				COPY_PHASE_STRIP = NO;
				DEBUG_INFORMATION_FORMAT = dwarf;
				ENABLE_STRICT_OBJC_MSGSEND = YES;
				ENABLE_TESTABILITY = YES;
				GCC_C_LANGUAGE_STANDARD = gnu11;
				GCC_DYNAMIC_NO_PIC = NO;
				GCC_NO_COMMON_BLOCKS = YES;
				GCC_OPTIMIZATION_LEVEL = 0;
				GCC_PREPROCESSOR_DEFINITIONS = (
					"DEBUG=1",
					"$(inherited)",
				);
				GCC_WARN_64_TO_32_BIT_CONVERSION = YES;
				GCC_WARN_ABOUT_RETURN_TYPE = YES_ERROR;
				GCC_WARN_UNDECLARED_SELECTOR = YES;
				GCC_WARN_UNINITIALIZED_AUTOS = YES_AGGRESSIVE;
				GCC_WARN_UNUSED_FUNCTION = YES;
				GCC_WARN_UNUSED_VARIABLE = YES;
				IPHONEOS_DEPLOYMENT_TARGET = 11.2;
				MTL_ENABLE_DEBUG_INFO = YES;
				ONLY_ACTIVE_ARCH = YES;
				SDKROOT = iphoneos;
				SWIFT_ACTIVE_COMPILATION_CONDITIONS = DEBUG;
				SWIFT_OPTIMIZATION_LEVEL = "-Onone";
			};
			name = Debug;
		};
		242CEF98204FC1B800676108 /* Release */ = {
			isa = XCBuildConfiguration;
			buildSettings = {
				ALWAYS_SEARCH_USER_PATHS = NO;
				CLANG_ANALYZER_NONNULL = YES;
				CLANG_ANALYZER_NUMBER_OBJECT_CONVERSION = YES_AGGRESSIVE;
				CLANG_CXX_LANGUAGE_STANDARD = "gnu++14";
				CLANG_CXX_LIBRARY = "libc++";
				CLANG_ENABLE_MODULES = YES;
				CLANG_ENABLE_OBJC_ARC = YES;
				CLANG_WARN_BLOCK_CAPTURE_AUTORELEASING = YES;
				CLANG_WARN_BOOL_CONVERSION = YES;
				CLANG_WARN_COMMA = YES;
				CLANG_WARN_CONSTANT_CONVERSION = YES;
				CLANG_WARN_DIRECT_OBJC_ISA_USAGE = YES_ERROR;
				CLANG_WARN_DOCUMENTATION_COMMENTS = YES;
				CLANG_WARN_EMPTY_BODY = YES;
				CLANG_WARN_ENUM_CONVERSION = YES;
				CLANG_WARN_INFINITE_RECURSION = YES;
				CLANG_WARN_INT_CONVERSION = YES;
				CLANG_WARN_NON_LITERAL_NULL_CONVERSION = YES;
				CLANG_WARN_OBJC_LITERAL_CONVERSION = YES;
				CLANG_WARN_OBJC_ROOT_CLASS = YES_ERROR;
				CLANG_WARN_RANGE_LOOP_ANALYSIS = YES;
				CLANG_WARN_STRICT_PROTOTYPES = YES;
				CLANG_WARN_SUSPICIOUS_MOVE = YES;
				CLANG_WARN_UNGUARDED_AVAILABILITY = YES_AGGRESSIVE;
				CLANG_WARN_UNREACHABLE_CODE = YES;
				CLANG_WARN__DUPLICATE_METHOD_MATCH = YES;
				CODE_SIGN_IDENTITY = "iPhone Developer";
				COPY_PHASE_STRIP = NO;
				DEBUG_INFORMATION_FORMAT = "dwarf-with-dsym";
				ENABLE_NS_ASSERTIONS = NO;
				ENABLE_STRICT_OBJC_MSGSEND = YES;
				GCC_C_LANGUAGE_STANDARD = gnu11;
				GCC_NO_COMMON_BLOCKS = YES;
				GCC_WARN_64_TO_32_BIT_CONVERSION = YES;
				GCC_WARN_ABOUT_RETURN_TYPE = YES_ERROR;
				GCC_WARN_UNDECLARED_SELECTOR = YES;
				GCC_WARN_UNINITIALIZED_AUTOS = YES_AGGRESSIVE;
				GCC_WARN_UNUSED_FUNCTION = YES;
				GCC_WARN_UNUSED_VARIABLE = YES;
				IPHONEOS_DEPLOYMENT_TARGET = 11.2;
				MTL_ENABLE_DEBUG_INFO = NO;
				SDKROOT = iphoneos;
				SWIFT_OPTIMIZATION_LEVEL = "-Owholemodule";
				VALIDATE_PRODUCT = YES;
			};
			name = Release;
		};
		242CEF9A204FC1B800676108 /* Debug */ = {
			isa = XCBuildConfiguration;
			buildSettings = {
				ASSETCATALOG_COMPILER_APPICON_NAME = AppIcon;
				CODE_SIGN_STYLE = Automatic;
				INFOPLIST_FILE = "My First App/Info.plist";
				LD_RUNPATH_SEARCH_PATHS = "$(inherited) @executable_path/Frameworks";
				PRODUCT_BUNDLE_IDENTIFIER = "com.dit.My-First-App";
				PRODUCT_NAME = "$(TARGET_NAME)";
				SWIFT_VERSION = 4.0;
				TARGETED_DEVICE_FAMILY = "1,2";
			};
			name = Debug;
		};
		242CEF9B204FC1B800676108 /* Release */ = {
			isa = XCBuildConfiguration;
			buildSettings = {
				ASSETCATALOG_COMPILER_APPICON_NAME = AppIcon;
				CODE_SIGN_STYLE = Automatic;
				INFOPLIST_FILE = "My First App/Info.plist";
				LD_RUNPATH_SEARCH_PATHS = "$(inherited) @executable_path/Frameworks";
				PRODUCT_BUNDLE_IDENTIFIER = "com.dit.My-First-App";
				PRODUCT_NAME = "$(TARGET_NAME)";
				SWIFT_VERSION = 4.0;
				TARGETED_DEVICE_FAMILY = "1,2";
			};
			name = Release;
		};
		242CEF9D204FC1B800676108 /* Debug */ = {
			isa = XCBuildConfiguration;
			buildSettings = {
				ALWAYS_EMBED_SWIFT_STANDARD_LIBRARIES = YES;
				BUNDLE_LOADER = "$(TEST_HOST)";
				CODE_SIGN_STYLE = Automatic;
				INFOPLIST_FILE = "My First AppTests/Info.plist";
				LD_RUNPATH_SEARCH_PATHS = "$(inherited) @executable_path/Frameworks @loader_path/Frameworks";
				PRODUCT_BUNDLE_IDENTIFIER = "com.dit.My-First-AppTests";
				PRODUCT_NAME = "$(TARGET_NAME)";
				SWIFT_VERSION = 4.0;
				TARGETED_DEVICE_FAMILY = "1,2";
				TEST_HOST = "$(BUILT_PRODUCTS_DIR)/My First App.app/My First App";
			};
			name = Debug;
		};
		242CEF9E204FC1B800676108 /* Release */ = {
			isa = XCBuildConfiguration;
			buildSettings = {
				ALWAYS_EMBED_SWIFT_STANDARD_LIBRARIES = YES;
				BUNDLE_LOADER = "$(TEST_HOST)";
				CODE_SIGN_STYLE = Automatic;
				INFOPLIST_FILE = "My First AppTests/Info.plist";
				LD_RUNPATH_SEARCH_PATHS = "$(inherited) @executable_path/Frameworks @loader_path/Frameworks";
				PRODUCT_BUNDLE_IDENTIFIER = "com.dit.My-First-AppTests";
				PRODUCT_NAME = "$(TARGET_NAME)";
				SWIFT_VERSION = 4.0;
				TARGETED_DEVICE_FAMILY = "1,2";
				TEST_HOST = "$(BUILT_PRODUCTS_DIR)/My First App.app/My First App";
			};
			name = Release;
		};
		242CEFA0204FC1B800676108 /* Debug */ = {
			isa = XCBuildConfiguration;
			buildSettings = {
				ALWAYS_EMBED_SWIFT_STANDARD_LIBRARIES = YES;
				CODE_SIGN_STYLE = Automatic;
				INFOPLIST_FILE = "My First AppUITests/Info.plist";
				LD_RUNPATH_SEARCH_PATHS = "$(inherited) @executable_path/Frameworks @loader_path/Frameworks";
				PRODUCT_BUNDLE_IDENTIFIER = "com.dit.My-First-AppUITests";
				PRODUCT_NAME = "$(TARGET_NAME)";
				SWIFT_VERSION = 4.0;
				TARGETED_DEVICE_FAMILY = "1,2";
				TEST_TARGET_NAME = "My First App";
			};
			name = Debug;
		};
		242CEFA1204FC1B800676108 /* Release */ = {
			isa = XCBuildConfiguration;
			buildSettings = {
				ALWAYS_EMBED_SWIFT_STANDARD_LIBRARIES = YES;
				CODE_SIGN_STYLE = Automatic;
				INFOPLIST_FILE = "My First AppUITests/Info.plist";
				LD_RUNPATH_SEARCH_PATHS = "$(inherited) @executable_path/Frameworks @loader_path/Frameworks";
				PRODUCT_BUNDLE_IDENTIFIER = "com.dit.My-First-AppUITests";
				PRODUCT_NAME = "$(TARGET_NAME)";
				SWIFT_VERSION = 4.0;
				TARGETED_DEVICE_FAMILY = "1,2";
				TEST_TARGET_NAME = "My First App";
			};
			name = Release;
		};
/* End XCBuildConfiguration section */

/* Begin XCConfigurationList section */
		242CEF69204FC1B700676108 /* Build configuration list for PBXProject "My First App" */ = {
			isa = XCConfigurationList;
			buildConfigurations = (
				242CEF97204FC1B800676108 /* Debug */,
				242CEF98204FC1B800676108 /* Release */,
			);
			defaultConfigurationIsVisible = 0;
			defaultConfigurationName = Release;
		};
		242CEF99204FC1B800676108 /* Build configuration list for PBXNativeTarget "My First App" */ = {
			isa = XCConfigurationList;
			buildConfigurations = (
				242CEF9A204FC1B800676108 /* Debug */,
				242CEF9B204FC1B800676108 /* Release */,
			);
			defaultConfigurationIsVisible = 0;
			defaultConfigurationName = Release;
		};
		242CEF9C204FC1B800676108 /* Build configuration list for PBXNativeTarget "My First AppTests" */ = {
			isa = XCConfigurationList;
			buildConfigurations = (
				242CEF9D204FC1B800676108 /* Debug */,
				242CEF9E204FC1B800676108 /* Release */,
			);
			defaultConfigurationIsVisible = 0;
			defaultConfigurationName = Release;
		};
		242CEF9F204FC1B800676108 /* Build configuration list for PBXNativeTarget "My First AppUITests" */ = {
			isa = XCConfigurationList;
			buildConfigurations = (
				242CEFA0204FC1B800676108 /* Debug */,
				242CEFA1204FC1B800676108 /* Release */,
			);
			defaultConfigurationIsVisible = 0;
			defaultConfigurationName = Release;
		};
/* End XCConfigurationList section */

/* Begin XCVersionGroup section */
		242CEF78204FC1B700676108 /* My_First_App.xcdatamodeld */ = {
			isa = XCVersionGroup;
			children = (
				242CEF79204FC1B700676108 /* My_First_App.xcdatamodel */,
			);
			currentVersion = 242CEF79204FC1B700676108 /* My_First_App.xcdatamodel */;
			path = My_First_App.xcdatamodeld;
			sourceTree = "<group>";
			versionGroupType = wrapper.xcdatamodel;
		};
/* End XCVersionGroup section */
	};
	rootObject = 242CEF66204FC1B700676108 /* Project object */;
}
